
Microsoft Visual Studio Solution File, Format Version 12.00
# Visual Studio Version 16
VisualStudioVersion = 16.0.31019.35
MinimumVisualStudioVersion = 10.0.40219.1
Project("{FAE04EC0-301F-11D3-BF4B-00C04F79EFBC}") = "App06_Cells.UWP", "App06_Cells\App06_Cells.UWP\App06_Cells.UWP.csproj", "{C0C255DD-5710-4F8E-9429-B7F99C5F2FBF}"
EndProject
Project("{FAE04EC0-301F-11D3-BF4B-00C04F79EFBC}") = "App06_Cells.Android", "App06_Cells\App06_Cells.Android\App06_Cells.Android.csproj", "{D2924E2B-CEDC-45D3-B785-859CD79CD4E6}"
EndProject
Project("{FAE04EC0-301F-11D3-BF4B-00C04F79EFBC}") = "App06_Cells", "App06_Cells\App06_Cells\App06_Cells.csproj", "{E04242CD-570C-466B-812A-106514CB803A}"
EndProject
Global
	GlobalSection(SolutionConfigurationPlatforms) = preSolution
		Debug|Any CPU = Debug|Any CPU
		Debug|ARM = Debug|ARM
		Debug|x64 = Debug|x64
		Debug|x86 = Debug|x86
		Release|Any CPU = Release|Any CPU
		Release|ARM = Release|ARM
		Release|x64 = Release|x64
		Release|x86 = Release|x86
	EndGlobalSection
	GlobalSection(ProjectConfigurationPlatforms) = postSolution
		{C0C255DD-5710-4F8E-9429-B7F99C5F2FBF}.Debug|Any CPU.ActiveCfg = Debug|x86
		{C0C255DD-5710-4F8E-9429-B7F99C5F2FBF}.Debug|Any CPU.Build.0 = Debug|x86
		{C0C255DD-5710-4F8E-9429-B7F99C5F2FBF}.Debug|Any CPU.Deploy.0 = Debug|x86
		{C0C255DD-5710-4F8E-9429-B7F99C5F2FBF}.Debug|ARM.ActiveCfg = Debug|ARM
		{C0C255DD-5710-4F8E-9429-B7F99C5F2FBF}.Debug|ARM.Build.0 = Debug|ARM
		{C0C255DD-5710-4F8E-9429-B7F99C5F2FBF}.Debug|ARM.Deploy.0 = Debug|ARM
		{C0C255DD-5710-4F8E-9429-B7F99C5F2FBF}.Debug|x64.ActiveCfg = Debug|x64
		{C0C255DD-5710-4F8E-9429-B7F99C5F2FBF}.Debug|x64.Build.0 = Debug|x64
		{C0C255DD-5710-4F8E-9429-B7F99C5F2FBF}.Debug|x64.Deploy.0 = Debug|x64
		{C0C255DD-5710-4F8E-9429-B7F99C5F2FBF}.Debug|x86.ActiveCfg = Debug|x86
		{C0C255DD-5710-4F8E-9429-B7F99C5F2FBF}.Debug|x86.Build.0 = Debug|x86
		{C0C255DD-5710-4F8E-9429-B7F99C5F2FBF}.Debug|x86.Deploy.0 = Debug|x86
		{C0C255DD-5710-4F8E-9429-B7F99C5F2FBF}.Release|Any CPU.ActiveCfg = Release|x86
		{C0C255DD-5710-4F8E-9429-B7F99C5F2FBF}.Release|Any CPU.Build.0 = Release|x86
		{C0C255DD-5710-4F8E-9429-B7F99C5F2FBF}.Release|Any CPU.Deploy.0 = Release|x86
		{C0C255DD-5710-4F8E-9429-B7F99C5F2FBF}.Release|ARM.ActiveCfg = Release|ARM
		{C0C255DD-5710-4F8E-9429-B7F99C5F2FBF}.Release|ARM.Build.0 = Release|ARM
		{C0C255DD-5710-4F8E-9429-B7F99C5F2FBF}.Release|ARM.Deploy.0 = Release|ARM
		{C0C255DD-5710-4F8E-9429-B7F99C5F2FBF}.Release|x64.ActiveCfg = Release|x64
		{C0C255DD-5710-4F8E-9429-B7F99C5F2FBF}.Release|x64.Build.0 = Release|x64
		{C0C255DD-5710-4F8E-9429-B7F99C5F2FBF}.Release|x64.Deploy.0 = Release|x64
		{C0C255DD-5710-4F8E-9429-B7F99C5F2FBF}.Release|x86.ActiveCfg = Release|x86
		{C0C255DD-5710-4F8E-9429-B7F99C5F2FBF}.Release|x86.Build.0 = Release|x86
		{C0C255DD-5710-4F8E-9429-B7F99C5F2FBF}.Release|x86.Deploy.0 = Release|x86
		{D2924E2B-CEDC-45D3-B785-859CD79CD4E6}.Debug|Any CPU.ActiveCfg = Debug|Any CPU
		{D2924E2B-CEDC-45D3-B785-859CD79CD4E6}.Debug|Any CPU.Build.0 = Debug|Any CPU
		{D2924E2B-CEDC-45D3-B785-859CD79CD4E6}.Debug|Any CPU.Deploy.0 = Debug|Any CPU
		{D2924E2B-CEDC-45D3-B785-859CD79CD4E6}.Debug|ARM.ActiveCfg = Debug|Any CPU
		{D2924E2B-CEDC-45D3-B785-859CD79CD4E6}.Debug|ARM.Build.0 = Debug|Any CPU
		{D2924E2B-CEDC-45D3-B785-859CD79CD4E6}.Debug|ARM.Deploy.0 = Debug|Any CPU
		{D2924E2B-CEDC-45D3-B785-859CD79CD4E6}.Debug|x64.ActiveCfg = Debug|Any CPU
		{D2924E2B-CEDC-45D3-B785-859CD79CD4E6}.Debug|x64.Build.0 = Debug|Any CPU
		{D2924E2B-CEDC-45D3-B785-859CD79CD4E6}.Debug|x64.Deploy.0 = Debug|Any CPU
		{D2924E2B-CEDC-45D3-B785-859CD79CD4E6}.Debug|x86.ActiveCfg = Debug|Any CPU
		{D2924E2B-CEDC-45D3-B785-859CD79CD4E6}.Debug|x86.Build.0 = Debug|Any CPU
		{D2924E2B-CEDC-45D3-B785-859CD79CD4E6}.Debug|x86.Deploy.0 = Debug|Any CPU
		{D2924E2B-CEDC-45D3-B785-859CD79CD4E6}.Release|Any CPU.ActiveCfg = Release|Any CPU
		{D2924E2B-CEDC-45D3-B785-859CD79CD4E6}.Release|Any CPU.Build.0 = Release|Any CPU
		{D2924E2B-CEDC-45D3-B785-859CD79CD4E6}.Release|Any CPU.Deploy.0 = Release|Any CPU
		{D2924E2B-CEDC-45D3-B785-859CD79CD4E6}.Release|ARM.ActiveCfg = Release|Any CPU
		{D2924E2B-CEDC-45D3-B785-859CD79CD4E6}.Release|ARM.Build.0 = Release|Any CPU
		{D2924E2B-CEDC-45D3-B785-859CD79CD4E6}.Release|ARM.Deploy.0 = Release|Any CPU
		{D2924E2B-CEDC-45D3-B785-859CD79CD4E6}.Release|x64.ActiveCfg = Release|Any CPU
		{D2924E2B-CEDC-45D3-B785-859CD79CD4E6}.Release|x64.Build.0 = Release|Any CPU
		{D2924E2B-CEDC-45D3-B785-859CD79CD4E6}.Release|x64.Deploy.0 = Release|Any CPU
		{D2924E2B-CEDC-45D3-B785-859CD79CD4E6}.Release|x86.ActiveCfg = Release|Any CPU
		{D2924E2B-CEDC-45D3-B785-859CD79CD4E6}.Release|x86.Build.0 = Release|Any CPU
		{D2924E2B-CEDC-45D3-B785-859CD79CD4E6}.Release|x86.Deploy.0 = Release|Any CPU
		{E04242CD-570C-466B-812A-106514CB803A}.Debug|Any CPU.ActiveCfg = Debug|Any CPU
		{E04242CD-570C-466B-812A-106514CB803A}.Debug|Any CPU.Build.0 = Debug|Any CPU
		{E04242CD-570C-466B-812A-106514CB803A}.Debug|Any CPU.Deploy.0 = Debug|Any CPU
		{E04242CD-570C-466B-812A-106514CB803A}.Debug|ARM.ActiveCfg = Debug|Any CPU
		{E04242CD-570C-466B-812A-106514CB803A}.Debug|ARM.Build.0 = Debug|Any CPU
		{E04242CD-570C-466B-812A-106514CB803A}.Debug|ARM.Deploy.0 = Debug|Any CPU
		{E04242CD-570C-466B-812A-106514CB803A}.Debug|x64.ActiveCfg = Debug|Any CPU
		{E04242CD-570C-466B-812A-106514CB803A}.Debug|x64.Build.0 = Debug|Any CPU
		{E04242CD-570C-466B-812A-106514CB803A}.Debug|x64.Deploy.0 = Debug|Any CPU
		{E04242CD-570C-466B-812A-106514CB803A}.Debug|x86.ActiveCfg = Debug|Any CPU
		{E04242CD-570C-466B-812A-106514CB803A}.Debug|x86.Build.0 = Debug|Any CPU
		{E04242CD-570C-466B-812A-106514CB803A}.Debug|x86.Deploy.0 = Debug|Any CPU
		{E04242CD-570C-466B-812A-106514CB803A}.Release|Any CPU.ActiveCfg = Release|Any CPU
		{E04242CD-570C-466B-812A-106514CB803A}.Release|Any CPU.Build.0 = Release|Any CPU
		{E04242CD-570C-466B-812A-106514CB803A}.Release|Any CPU.Deploy.0 = Release|Any CPU
		{E04242CD-570C-466B-812A-106514CB803A}.Release|ARM.ActiveCfg = Release|Any CPU
		{E04242CD-570C-466B-812A-106514CB803A}.Release|ARM.Build.0 = Release|Any CPU
		{E04242CD-570C-466B-812A-106514CB803A}.Release|ARM.Deploy.0 = Release|Any CPU
		{E04242CD-570C-466B-812A-106514CB803A}.Release|x64.ActiveCfg = Release|Any CPU
		{E04242CD-570C-466B-812A-106514CB803A}.Release|x64.Build.0 = Release|Any CPU
		{E04242CD-570C-466B-812A-106514CB803A}.Release|x64.Deploy.0 = Release|Any CPU
		{E04242CD-570C-466B-812A-106514CB803A}.Release|x86.ActiveCfg = Release|Any CPU
		{E04242CD-570C-466B-812A-106514CB803A}.Release|x86.Build.0 = Release|Any CPU
		{E04242CD-570C-466B-812A-106514CB803A}.Release|x86.Deploy.0 = Release|Any CPU
	EndGlobalSection
	GlobalSection(SolutionProperties) = preSolution
		HideSolutionNode = FALSE
	EndGlobalSection
	GlobalSection(ExtensibilityGlobals) = postSolution
		SolutionGuid = {C920CAA2-03C8-4504-A856-38F0E7A16051}
	EndGlobalSection
EndGlobal
