
Microsoft Visual Studio Solution File, Format Version 12.00
# Visual Studio Version 16
VisualStudioVersion = 16.0.30907.101
MinimumVisualStudioVersion = 10.0.40219.1
Project("{FAE04EC0-301F-11D3-BF4B-00C04F79EFBC}") = "App04_Xamarin.UWP", "App04_Xamarin\App04_Xamarin.UWP\App04_Xamarin.UWP.csproj", "{4E760E67-A6C6-481B-87F7-3F3005ED1242}"
EndProject
Project("{FAE04EC0-301F-11D3-BF4B-00C04F79EFBC}") = "App04_Xamarin.Android", "App04_Xamarin\App04_Xamarin.Android\App04_Xamarin.Android.csproj", "{B062DE9B-B397-4B82-8620-2ACC20268DD2}"
EndProject
Project("{FAE04EC0-301F-11D3-BF4B-00C04F79EFBC}") = "App04_Xamarin.iOS", "App04_Xamarin\App04_Xamarin.iOS\App04_Xamarin.iOS.csproj", "{97E06792-DD5E-478F-8398-B6A233D5E1AB}"
EndProject
Project("{FAE04EC0-301F-11D3-BF4B-00C04F79EFBC}") = "App04_Xamarin", "App04_Xamarin\App04_Xamarin\App04_Xamarin.csproj", "{81F3DA6B-484D-4D45-AD0F-F3DEE2EA8D81}"
EndProject
Global
	GlobalSection(SolutionConfigurationPlatforms) = preSolution
		Debug|Any CPU = Debug|Any CPU
		Debug|ARM = Debug|ARM
		Debug|iPhone = Debug|iPhone
		Debug|iPhoneSimulator = Debug|iPhoneSimulator
		Debug|x64 = Debug|x64
		Debug|x86 = Debug|x86
		Release|Any CPU = Release|Any CPU
		Release|ARM = Release|ARM
		Release|iPhone = Release|iPhone
		Release|iPhoneSimulator = Release|iPhoneSimulator
		Release|x64 = Release|x64
		Release|x86 = Release|x86
	EndGlobalSection
	GlobalSection(ProjectConfigurationPlatforms) = postSolution
		{4E760E67-A6C6-481B-87F7-3F3005ED1242}.Debug|Any CPU.ActiveCfg = Debug|x86
		{4E760E67-A6C6-481B-87F7-3F3005ED1242}.Debug|Any CPU.Build.0 = Debug|x86
		{4E760E67-A6C6-481B-87F7-3F3005ED1242}.Debug|Any CPU.Deploy.0 = Debug|x86
		{4E760E67-A6C6-481B-87F7-3F3005ED1242}.Debug|ARM.ActiveCfg = Debug|ARM
		{4E760E67-A6C6-481B-87F7-3F3005ED1242}.Debug|ARM.Build.0 = Debug|ARM
		{4E760E67-A6C6-481B-87F7-3F3005ED1242}.Debug|ARM.Deploy.0 = Debug|ARM
		{4E760E67-A6C6-481B-87F7-3F3005ED1242}.Debug|iPhone.ActiveCfg = Debug|x86
		{4E760E67-A6C6-481B-87F7-3F3005ED1242}.Debug|iPhone.Build.0 = Debug|x86
		{4E760E67-A6C6-481B-87F7-3F3005ED1242}.Debug|iPhone.Deploy.0 = Debug|x86
		{4E760E67-A6C6-481B-87F7-3F3005ED1242}.Debug|iPhoneSimulator.ActiveCfg = Debug|x86
		{4E760E67-A6C6-481B-87F7-3F3005ED1242}.Debug|iPhoneSimulator.Build.0 = Debug|x86
		{4E760E67-A6C6-481B-87F7-3F3005ED1242}.Debug|iPhoneSimulator.Deploy.0 = Debug|x86
		{4E760E67-A6C6-481B-87F7-3F3005ED1242}.Debug|x64.ActiveCfg = Debug|x64
		{4E760E67-A6C6-481B-87F7-3F3005ED1242}.Debug|x64.Build.0 = Debug|x64
		{4E760E67-A6C6-481B-87F7-3F3005ED1242}.Debug|x64.Deploy.0 = Debug|x64
		{4E760E67-A6C6-481B-87F7-3F3005ED1242}.Debug|x86.ActiveCfg = Debug|x86
		{4E760E67-A6C6-481B-87F7-3F3005ED1242}.Debug|x86.Build.0 = Debug|x86
		{4E760E67-A6C6-481B-87F7-3F3005ED1242}.Debug|x86.Deploy.0 = Debug|x86
		{4E760E67-A6C6-481B-87F7-3F3005ED1242}.Release|Any CPU.ActiveCfg = Release|x86
		{4E760E67-A6C6-481B-87F7-3F3005ED1242}.Release|Any CPU.Build.0 = Release|x86
		{4E760E67-A6C6-481B-87F7-3F3005ED1242}.Release|Any CPU.Deploy.0 = Release|x86
		{4E760E67-A6C6-481B-87F7-3F3005ED1242}.Release|ARM.ActiveCfg = Release|ARM
		{4E760E67-A6C6-481B-87F7-3F3005ED1242}.Release|ARM.Build.0 = Release|ARM
		{4E760E67-A6C6-481B-87F7-3F3005ED1242}.Release|ARM.Deploy.0 = Release|ARM
		{4E760E67-A6C6-481B-87F7-3F3005ED1242}.Release|iPhone.ActiveCfg = Release|x86
		{4E760E67-A6C6-481B-87F7-3F3005ED1242}.Release|iPhone.Build.0 = Release|x86
		{4E760E67-A6C6-481B-87F7-3F3005ED1242}.Release|iPhone.Deploy.0 = Release|x86
		{4E760E67-A6C6-481B-87F7-3F3005ED1242}.Release|iPhoneSimulator.ActiveCfg = Release|x86
		{4E760E67-A6C6-481B-87F7-3F3005ED1242}.Release|iPhoneSimulator.Build.0 = Release|x86
		{4E760E67-A6C6-481B-87F7-3F3005ED1242}.Release|iPhoneSimulator.Deploy.0 = Release|x86
		{4E760E67-A6C6-481B-87F7-3F3005ED1242}.Release|x64.ActiveCfg = Release|x64
		{4E760E67-A6C6-481B-87F7-3F3005ED1242}.Release|x64.Build.0 = Release|x64
		{4E760E67-A6C6-481B-87F7-3F3005ED1242}.Release|x64.Deploy.0 = Release|x64
		{4E760E67-A6C6-481B-87F7-3F3005ED1242}.Release|x86.ActiveCfg = Release|x86
		{4E760E67-A6C6-481B-87F7-3F3005ED1242}.Release|x86.Build.0 = Release|x86
		{4E760E67-A6C6-481B-87F7-3F3005ED1242}.Release|x86.Deploy.0 = Release|x86
		{B062DE9B-B397-4B82-8620-2ACC20268DD2}.Debug|Any CPU.ActiveCfg = Debug|Any CPU
		{B062DE9B-B397-4B82-8620-2ACC20268DD2}.Debug|Any CPU.Build.0 = Debug|Any CPU
		{B062DE9B-B397-4B82-8620-2ACC20268DD2}.Debug|Any CPU.Deploy.0 = Debug|Any CPU
		{B062DE9B-B397-4B82-8620-2ACC20268DD2}.Debug|ARM.ActiveCfg = Debug|Any CPU
		{B062DE9B-B397-4B82-8620-2ACC20268DD2}.Debug|ARM.Build.0 = Debug|Any CPU
		{B062DE9B-B397-4B82-8620-2ACC20268DD2}.Debug|ARM.Deploy.0 = Debug|Any CPU
		{B062DE9B-B397-4B82-8620-2ACC20268DD2}.Debug|iPhone.ActiveCfg = Debug|Any CPU
		{B062DE9B-B397-4B82-8620-2ACC20268DD2}.Debug|iPhone.Build.0 = Debug|Any CPU
		{B062DE9B-B397-4B82-8620-2ACC20268DD2}.Debug|iPhone.Deploy.0 = Debug|Any CPU
		{B062DE9B-B397-4B82-8620-2ACC20268DD2}.Debug|iPhoneSimulator.ActiveCfg = Debug|Any CPU
		{B062DE9B-B397-4B82-8620-2ACC20268DD2}.Debug|iPhoneSimulator.Build.0 = Debug|Any CPU
		{B062DE9B-B397-4B82-8620-2ACC20268DD2}.Debug|iPhoneSimulator.Deploy.0 = Debug|Any CPU
		{B062DE9B-B397-4B82-8620-2ACC20268DD2}.Debug|x64.ActiveCfg = Debug|Any CPU
		{B062DE9B-B397-4B82-8620-2ACC20268DD2}.Debug|x64.Build.0 = Debug|Any CPU
		{B062DE9B-B397-4B82-8620-2ACC20268DD2}.Debug|x64.Deploy.0 = Debug|Any CPU
		{B062DE9B-B397-4B82-8620-2ACC20268DD2}.Debug|x86.ActiveCfg = Debug|Any CPU
		{B062DE9B-B397-4B82-8620-2ACC20268DD2}.Debug|x86.Build.0 = Debug|Any CPU
		{B062DE9B-B397-4B82-8620-2ACC20268DD2}.Debug|x86.Deploy.0 = Debug|Any CPU
		{B062DE9B-B397-4B82-8620-2ACC20268DD2}.Release|Any CPU.ActiveCfg = Release|Any CPU
		{B062DE9B-B397-4B82-8620-2ACC20268DD2}.Release|Any CPU.Build.0 = Release|Any CPU
		{B062DE9B-B397-4B82-8620-2ACC20268DD2}.Release|Any CPU.Deploy.0 = Release|Any CPU
		{B062DE9B-B397-4B82-8620-2ACC20268DD2}.Release|ARM.ActiveCfg = Release|Any CPU
		{B062DE9B-B397-4B82-8620-2ACC20268DD2}.Release|ARM.Build.0 = Release|Any CPU
		{B062DE9B-B397-4B82-8620-2ACC20268DD2}.Release|ARM.Deploy.0 = Release|Any CPU
		{B062DE9B-B397-4B82-8620-2ACC20268DD2}.Release|iPhone.ActiveCfg = Release|Any CPU
		{B062DE9B-B397-4B82-8620-2ACC20268DD2}.Release|iPhone.Build.0 = Release|Any CPU
		{B062DE9B-B397-4B82-8620-2ACC20268DD2}.Release|iPhone.Deploy.0 = Release|Any CPU
		{B062DE9B-B397-4B82-8620-2ACC20268DD2}.Release|iPhoneSimulator.ActiveCfg = Release|Any CPU
		{B062DE9B-B397-4B82-8620-2ACC20268DD2}.Release|iPhoneSimulator.Build.0 = Release|Any CPU
		{B062DE9B-B397-4B82-8620-2ACC20268DD2}.Release|iPhoneSimulator.Deploy.0 = Release|Any CPU
		{B062DE9B-B397-4B82-8620-2ACC20268DD2}.Release|x64.ActiveCfg = Release|Any CPU
		{B062DE9B-B397-4B82-8620-2ACC20268DD2}.Release|x64.Build.0 = Release|Any CPU
		{B062DE9B-B397-4B82-8620-2ACC20268DD2}.Release|x64.Deploy.0 = Release|Any CPU
		{B062DE9B-B397-4B82-8620-2ACC20268DD2}.Release|x86.ActiveCfg = Release|Any CPU
		{B062DE9B-B397-4B82-8620-2ACC20268DD2}.Release|x86.Build.0 = Release|Any CPU
		{B062DE9B-B397-4B82-8620-2ACC20268DD2}.Release|x86.Deploy.0 = Release|Any CPU
		{97E06792-DD5E-478F-8398-B6A233D5E1AB}.Debug|Any CPU.ActiveCfg = Debug|iPhoneSimulator
		{97E06792-DD5E-478F-8398-B6A233D5E1AB}.Debug|Any CPU.Build.0 = Debug|iPhoneSimulator
		{97E06792-DD5E-478F-8398-B6A233D5E1AB}.Debug|Any CPU.Deploy.0 = Debug|iPhoneSimulator
		{97E06792-DD5E-478F-8398-B6A233D5E1AB}.Debug|ARM.ActiveCfg = Debug|iPhone
		{97E06792-DD5E-478F-8398-B6A233D5E1AB}.Debug|ARM.Build.0 = Debug|iPhone
		{97E06792-DD5E-478F-8398-B6A233D5E1AB}.Debug|ARM.Deploy.0 = Debug|iPhone
		{97E06792-DD5E-478F-8398-B6A233D5E1AB}.Debug|iPhone.ActiveCfg = Debug|iPhone
		{97E06792-DD5E-478F-8398-B6A233D5E1AB}.Debug|iPhone.Build.0 = Debug|iPhone
		{97E06792-DD5E-478F-8398-B6A233D5E1AB}.Debug|iPhone.Deploy.0 = Debug|iPhone
		{97E06792-DD5E-478F-8398-B6A233D5E1AB}.Debug|iPhoneSimulator.ActiveCfg = Debug|iPhoneSimulator
		{97E06792-DD5E-478F-8398-B6A233D5E1AB}.Debug|iPhoneSimulator.Build.0 = Debug|iPhoneSimulator
		{97E06792-DD5E-478F-8398-B6A233D5E1AB}.Debug|iPhoneSimulator.Deploy.0 = Debug|iPhoneSimulator
		{97E06792-DD5E-478F-8398-B6A233D5E1AB}.Debug|x64.ActiveCfg = Debug|iPhoneSimulator
		{97E06792-DD5E-478F-8398-B6A233D5E1AB}.Debug|x64.Build.0 = Debug|iPhoneSimulator
		{97E06792-DD5E-478F-8398-B6A233D5E1AB}.Debug|x64.Deploy.0 = Debug|iPhoneSimulator
		{97E06792-DD5E-478F-8398-B6A233D5E1AB}.Debug|x86.ActiveCfg = Debug|iPhoneSimulator
		{97E06792-DD5E-478F-8398-B6A233D5E1AB}.Debug|x86.Build.0 = Debug|iPhoneSimulator
		{97E06792-DD5E-478F-8398-B6A233D5E1AB}.Debug|x86.Deploy.0 = Debug|iPhoneSimulator
		{97E06792-DD5E-478F-8398-B6A233D5E1AB}.Release|Any CPU.ActiveCfg = Release|iPhoneSimulator
		{97E06792-DD5E-478F-8398-B6A233D5E1AB}.Release|Any CPU.Build.0 = Release|iPhoneSimulator
		{97E06792-DD5E-478F-8398-B6A233D5E1AB}.Release|Any CPU.Deploy.0 = Release|iPhoneSimulator
		{97E06792-DD5E-478F-8398-B6A233D5E1AB}.Release|ARM.ActiveCfg = Release|iPhoneSimulator
		{97E06792-DD5E-478F-8398-B6A233D5E1AB}.Release|ARM.Build.0 = Release|iPhoneSimulator
		{97E06792-DD5E-478F-8398-B6A233D5E1AB}.Release|ARM.Deploy.0 = Release|iPhoneSimulator
		{97E06792-DD5E-478F-8398-B6A233D5E1AB}.Release|iPhone.ActiveCfg = Release|iPhone
		{97E06792-DD5E-478F-8398-B6A233D5E1AB}.Release|iPhone.Build.0 = Release|iPhone
		{97E06792-DD5E-478F-8398-B6A233D5E1AB}.Release|iPhone.Deploy.0 = Release|iPhone
		{97E06792-DD5E-478F-8398-B6A233D5E1AB}.Release|iPhoneSimulator.ActiveCfg = Release|iPhoneSimulator
		{97E06792-DD5E-478F-8398-B6A233D5E1AB}.Release|iPhoneSimulator.Build.0 = Release|iPhoneSimulator
		{97E06792-DD5E-478F-8398-B6A233D5E1AB}.Release|iPhoneSimulator.Deploy.0 = Release|iPhoneSimulator
		{97E06792-DD5E-478F-8398-B6A233D5E1AB}.Release|x64.ActiveCfg = Release|iPhoneSimulator
		{97E06792-DD5E-478F-8398-B6A233D5E1AB}.Release|x64.Build.0 = Release|iPhoneSimulator
		{97E06792-DD5E-478F-8398-B6A233D5E1AB}.Release|x64.Deploy.0 = Release|iPhoneSimulator
		{97E06792-DD5E-478F-8398-B6A233D5E1AB}.Release|x86.ActiveCfg = Release|iPhoneSimulator
		{97E06792-DD5E-478F-8398-B6A233D5E1AB}.Release|x86.Build.0 = Release|iPhoneSimulator
		{97E06792-DD5E-478F-8398-B6A233D5E1AB}.Release|x86.Deploy.0 = Release|iPhoneSimulator
		{81F3DA6B-484D-4D45-AD0F-F3DEE2EA8D81}.Debug|Any CPU.ActiveCfg = Debug|Any CPU
		{81F3DA6B-484D-4D45-AD0F-F3DEE2EA8D81}.Debug|Any CPU.Build.0 = Debug|Any CPU
		{81F3DA6B-484D-4D45-AD0F-F3DEE2EA8D81}.Debug|Any CPU.Deploy.0 = Debug|Any CPU
		{81F3DA6B-484D-4D45-AD0F-F3DEE2EA8D81}.Debug|ARM.ActiveCfg = Debug|Any CPU
		{81F3DA6B-484D-4D45-AD0F-F3DEE2EA8D81}.Debug|ARM.Build.0 = Debug|Any CPU
		{81F3DA6B-484D-4D45-AD0F-F3DEE2EA8D81}.Debug|ARM.Deploy.0 = Debug|Any CPU
		{81F3DA6B-484D-4D45-AD0F-F3DEE2EA8D81}.Debug|iPhone.ActiveCfg = Debug|Any CPU
		{81F3DA6B-484D-4D45-AD0F-F3DEE2EA8D81}.Debug|iPhone.Build.0 = Debug|Any CPU
		{81F3DA6B-484D-4D45-AD0F-F3DEE2EA8D81}.Debug|iPhone.Deploy.0 = Debug|Any CPU
		{81F3DA6B-484D-4D45-AD0F-F3DEE2EA8D81}.Debug|iPhoneSimulator.ActiveCfg = Debug|Any CPU
		{81F3DA6B-484D-4D45-AD0F-F3DEE2EA8D81}.Debug|iPhoneSimulator.Build.0 = Debug|Any CPU
		{81F3DA6B-484D-4D45-AD0F-F3DEE2EA8D81}.Debug|iPhoneSimulator.Deploy.0 = Debug|Any CPU
		{81F3DA6B-484D-4D45-AD0F-F3DEE2EA8D81}.Debug|x64.ActiveCfg = Debug|Any CPU
		{81F3DA6B-484D-4D45-AD0F-F3DEE2EA8D81}.Debug|x64.Build.0 = Debug|Any CPU
		{81F3DA6B-484D-4D45-AD0F-F3DEE2EA8D81}.Debug|x64.Deploy.0 = Debug|Any CPU
		{81F3DA6B-484D-4D45-AD0F-F3DEE2EA8D81}.Debug|x86.ActiveCfg = Debug|Any CPU
		{81F3DA6B-484D-4D45-AD0F-F3DEE2EA8D81}.Debug|x86.Build.0 = Debug|Any CPU
		{81F3DA6B-484D-4D45-AD0F-F3DEE2EA8D81}.Debug|x86.Deploy.0 = Debug|Any CPU
		{81F3DA6B-484D-4D45-AD0F-F3DEE2EA8D81}.Release|Any CPU.ActiveCfg = Release|Any CPU
		{81F3DA6B-484D-4D45-AD0F-F3DEE2EA8D81}.Release|Any CPU.Build.0 = Release|Any CPU
		{81F3DA6B-484D-4D45-AD0F-F3DEE2EA8D81}.Release|Any CPU.Deploy.0 = Release|Any CPU
		{81F3DA6B-484D-4D45-AD0F-F3DEE2EA8D81}.Release|ARM.ActiveCfg = Release|Any CPU
		{81F3DA6B-484D-4D45-AD0F-F3DEE2EA8D81}.Release|ARM.Build.0 = Release|Any CPU
		{81F3DA6B-484D-4D45-AD0F-F3DEE2EA8D81}.Release|ARM.Deploy.0 = Release|Any CPU
		{81F3DA6B-484D-4D45-AD0F-F3DEE2EA8D81}.Release|iPhone.ActiveCfg = Release|Any CPU
		{81F3DA6B-484D-4D45-AD0F-F3DEE2EA8D81}.Release|iPhone.Build.0 = Release|Any CPU
		{81F3DA6B-484D-4D45-AD0F-F3DEE2EA8D81}.Release|iPhone.Deploy.0 = Release|Any CPU
		{81F3DA6B-484D-4D45-AD0F-F3DEE2EA8D81}.Release|iPhoneSimulator.ActiveCfg = Release|Any CPU
		{81F3DA6B-484D-4D45-AD0F-F3DEE2EA8D81}.Release|iPhoneSimulator.Build.0 = Release|Any CPU
		{81F3DA6B-484D-4D45-AD0F-F3DEE2EA8D81}.Release|iPhoneSimulator.Deploy.0 = Release|Any CPU
		{81F3DA6B-484D-4D45-AD0F-F3DEE2EA8D81}.Release|x64.ActiveCfg = Release|Any CPU
		{81F3DA6B-484D-4D45-AD0F-F3DEE2EA8D81}.Release|x64.Build.0 = Release|Any CPU
		{81F3DA6B-484D-4D45-AD0F-F3DEE2EA8D81}.Release|x64.Deploy.0 = Release|Any CPU
		{81F3DA6B-484D-4D45-AD0F-F3DEE2EA8D81}.Release|x86.ActiveCfg = Release|Any CPU
		{81F3DA6B-484D-4D45-AD0F-F3DEE2EA8D81}.Release|x86.Build.0 = Release|Any CPU
		{81F3DA6B-484D-4D45-AD0F-F3DEE2EA8D81}.Release|x86.Deploy.0 = Release|Any CPU
	EndGlobalSection
	GlobalSection(SolutionProperties) = preSolution
		HideSolutionNode = FALSE
	EndGlobalSection
	GlobalSection(ExtensibilityGlobals) = postSolution
		SolutionGuid = {20221B59-CB8B-4EE4-9DBE-422EA1E601C9}
	EndGlobalSection
EndGlobal
