
Microsoft Visual Studio Solution File, Format Version 12.00
# Visual Studio Version 16
VisualStudioVersion = 16.0.30517.126
MinimumVisualStudioVersion = 10.0.40219.1
Project("{FAE04EC0-301F-11D3-BF4B-00C04F79EFBC}") = "App01_ConsultarCEP.UWP", "App01_ConsultarCEP\App01_ConsultarCEP.UWP\App01_ConsultarCEP.UWP.csproj", "{19B04634-F726-4F71-A73B-80EDEC0FBB97}"
EndProject
Project("{FAE04EC0-301F-11D3-BF4B-00C04F79EFBC}") = "App01_ConsultarCEP.Android", "App01_ConsultarCEP\App01_ConsultarCEP.Android\App01_ConsultarCEP.Android.csproj", "{C5C4A1C6-D581-4284-89CE-0D4D5B32FE3C}"
EndProject
Project("{FAE04EC0-301F-11D3-BF4B-00C04F79EFBC}") = "App01_ConsultarCEP.iOS", "App01_ConsultarCEP\App01_ConsultarCEP.iOS\App01_ConsultarCEP.iOS.csproj", "{4331CA85-E8FE-4E02-B80A-9DAACFD09132}"
EndProject
Project("{FAE04EC0-301F-11D3-BF4B-00C04F79EFBC}") = "App01_ConsultarCEP", "App01_ConsultarCEP\App01_ConsultarCEP\App01_ConsultarCEP.csproj", "{05A0A7EA-F79F-45DB-A6AE-46A68D5C7220}"
EndProject
Global
	GlobalSection(SolutionConfigurationPlatforms) = preSolution
		Debug|Any CPU = Debug|Any CPU
		Debug|ARM = Debug|ARM
		Debug|iPhone = Debug|iPhone
		Debug|iPhoneSimulator = Debug|iPhoneSimulator
		Debug|x64 = Debug|x64
		Debug|x86 = Debug|x86
		Release|Any CPU = Release|Any CPU
		Release|ARM = Release|ARM
		Release|iPhone = Release|iPhone
		Release|iPhoneSimulator = Release|iPhoneSimulator
		Release|x64 = Release|x64
		Release|x86 = Release|x86
	EndGlobalSection
	GlobalSection(ProjectConfigurationPlatforms) = postSolution
		{19B04634-F726-4F71-A73B-80EDEC0FBB97}.Debug|Any CPU.ActiveCfg = Debug|x86
		{19B04634-F726-4F71-A73B-80EDEC0FBB97}.Debug|Any CPU.Build.0 = Debug|x86
		{19B04634-F726-4F71-A73B-80EDEC0FBB97}.Debug|Any CPU.Deploy.0 = Debug|x86
		{19B04634-F726-4F71-A73B-80EDEC0FBB97}.Debug|ARM.ActiveCfg = Debug|ARM
		{19B04634-F726-4F71-A73B-80EDEC0FBB97}.Debug|ARM.Build.0 = Debug|ARM
		{19B04634-F726-4F71-A73B-80EDEC0FBB97}.Debug|ARM.Deploy.0 = Debug|ARM
		{19B04634-F726-4F71-A73B-80EDEC0FBB97}.Debug|iPhone.ActiveCfg = Debug|x86
		{19B04634-F726-4F71-A73B-80EDEC0FBB97}.Debug|iPhone.Build.0 = Debug|x86
		{19B04634-F726-4F71-A73B-80EDEC0FBB97}.Debug|iPhone.Deploy.0 = Debug|x86
		{19B04634-F726-4F71-A73B-80EDEC0FBB97}.Debug|iPhoneSimulator.ActiveCfg = Debug|x86
		{19B04634-F726-4F71-A73B-80EDEC0FBB97}.Debug|iPhoneSimulator.Build.0 = Debug|x86
		{19B04634-F726-4F71-A73B-80EDEC0FBB97}.Debug|iPhoneSimulator.Deploy.0 = Debug|x86
		{19B04634-F726-4F71-A73B-80EDEC0FBB97}.Debug|x64.ActiveCfg = Debug|x64
		{19B04634-F726-4F71-A73B-80EDEC0FBB97}.Debug|x64.Build.0 = Debug|x64
		{19B04634-F726-4F71-A73B-80EDEC0FBB97}.Debug|x64.Deploy.0 = Debug|x64
		{19B04634-F726-4F71-A73B-80EDEC0FBB97}.Debug|x86.ActiveCfg = Debug|x86
		{19B04634-F726-4F71-A73B-80EDEC0FBB97}.Debug|x86.Build.0 = Debug|x86
		{19B04634-F726-4F71-A73B-80EDEC0FBB97}.Debug|x86.Deploy.0 = Debug|x86
		{19B04634-F726-4F71-A73B-80EDEC0FBB97}.Release|Any CPU.ActiveCfg = Release|x86
		{19B04634-F726-4F71-A73B-80EDEC0FBB97}.Release|Any CPU.Build.0 = Release|x86
		{19B04634-F726-4F71-A73B-80EDEC0FBB97}.Release|Any CPU.Deploy.0 = Release|x86
		{19B04634-F726-4F71-A73B-80EDEC0FBB97}.Release|ARM.ActiveCfg = Release|ARM
		{19B04634-F726-4F71-A73B-80EDEC0FBB97}.Release|ARM.Build.0 = Release|ARM
		{19B04634-F726-4F71-A73B-80EDEC0FBB97}.Release|ARM.Deploy.0 = Release|ARM
		{19B04634-F726-4F71-A73B-80EDEC0FBB97}.Release|iPhone.ActiveCfg = Release|x86
		{19B04634-F726-4F71-A73B-80EDEC0FBB97}.Release|iPhone.Build.0 = Release|x86
		{19B04634-F726-4F71-A73B-80EDEC0FBB97}.Release|iPhone.Deploy.0 = Release|x86
		{19B04634-F726-4F71-A73B-80EDEC0FBB97}.Release|iPhoneSimulator.ActiveCfg = Release|x86
		{19B04634-F726-4F71-A73B-80EDEC0FBB97}.Release|iPhoneSimulator.Build.0 = Release|x86
		{19B04634-F726-4F71-A73B-80EDEC0FBB97}.Release|iPhoneSimulator.Deploy.0 = Release|x86
		{19B04634-F726-4F71-A73B-80EDEC0FBB97}.Release|x64.ActiveCfg = Release|x64
		{19B04634-F726-4F71-A73B-80EDEC0FBB97}.Release|x64.Build.0 = Release|x64
		{19B04634-F726-4F71-A73B-80EDEC0FBB97}.Release|x64.Deploy.0 = Release|x64
		{19B04634-F726-4F71-A73B-80EDEC0FBB97}.Release|x86.ActiveCfg = Release|x86
		{19B04634-F726-4F71-A73B-80EDEC0FBB97}.Release|x86.Build.0 = Release|x86
		{19B04634-F726-4F71-A73B-80EDEC0FBB97}.Release|x86.Deploy.0 = Release|x86
		{C5C4A1C6-D581-4284-89CE-0D4D5B32FE3C}.Debug|Any CPU.ActiveCfg = Debug|Any CPU
		{C5C4A1C6-D581-4284-89CE-0D4D5B32FE3C}.Debug|Any CPU.Build.0 = Debug|Any CPU
		{C5C4A1C6-D581-4284-89CE-0D4D5B32FE3C}.Debug|Any CPU.Deploy.0 = Debug|Any CPU
		{C5C4A1C6-D581-4284-89CE-0D4D5B32FE3C}.Debug|ARM.ActiveCfg = Debug|Any CPU
		{C5C4A1C6-D581-4284-89CE-0D4D5B32FE3C}.Debug|ARM.Build.0 = Debug|Any CPU
		{C5C4A1C6-D581-4284-89CE-0D4D5B32FE3C}.Debug|ARM.Deploy.0 = Debug|Any CPU
		{C5C4A1C6-D581-4284-89CE-0D4D5B32FE3C}.Debug|iPhone.ActiveCfg = Debug|Any CPU
		{C5C4A1C6-D581-4284-89CE-0D4D5B32FE3C}.Debug|iPhone.Build.0 = Debug|Any CPU
		{C5C4A1C6-D581-4284-89CE-0D4D5B32FE3C}.Debug|iPhone.Deploy.0 = Debug|Any CPU
		{C5C4A1C6-D581-4284-89CE-0D4D5B32FE3C}.Debug|iPhoneSimulator.ActiveCfg = Debug|Any CPU
		{C5C4A1C6-D581-4284-89CE-0D4D5B32FE3C}.Debug|iPhoneSimulator.Build.0 = Debug|Any CPU
		{C5C4A1C6-D581-4284-89CE-0D4D5B32FE3C}.Debug|iPhoneSimulator.Deploy.0 = Debug|Any CPU
		{C5C4A1C6-D581-4284-89CE-0D4D5B32FE3C}.Debug|x64.ActiveCfg = Debug|Any CPU
		{C5C4A1C6-D581-4284-89CE-0D4D5B32FE3C}.Debug|x64.Build.0 = Debug|Any CPU
		{C5C4A1C6-D581-4284-89CE-0D4D5B32FE3C}.Debug|x64.Deploy.0 = Debug|Any CPU
		{C5C4A1C6-D581-4284-89CE-0D4D5B32FE3C}.Debug|x86.ActiveCfg = Debug|Any CPU
		{C5C4A1C6-D581-4284-89CE-0D4D5B32FE3C}.Debug|x86.Build.0 = Debug|Any CPU
		{C5C4A1C6-D581-4284-89CE-0D4D5B32FE3C}.Debug|x86.Deploy.0 = Debug|Any CPU
		{C5C4A1C6-D581-4284-89CE-0D4D5B32FE3C}.Release|Any CPU.ActiveCfg = Release|Any CPU
		{C5C4A1C6-D581-4284-89CE-0D4D5B32FE3C}.Release|Any CPU.Build.0 = Release|Any CPU
		{C5C4A1C6-D581-4284-89CE-0D4D5B32FE3C}.Release|Any CPU.Deploy.0 = Release|Any CPU
		{C5C4A1C6-D581-4284-89CE-0D4D5B32FE3C}.Release|ARM.ActiveCfg = Release|Any CPU
		{C5C4A1C6-D581-4284-89CE-0D4D5B32FE3C}.Release|ARM.Build.0 = Release|Any CPU
		{C5C4A1C6-D581-4284-89CE-0D4D5B32FE3C}.Release|ARM.Deploy.0 = Release|Any CPU
		{C5C4A1C6-D581-4284-89CE-0D4D5B32FE3C}.Release|iPhone.ActiveCfg = Release|Any CPU
		{C5C4A1C6-D581-4284-89CE-0D4D5B32FE3C}.Release|iPhone.Build.0 = Release|Any CPU
		{C5C4A1C6-D581-4284-89CE-0D4D5B32FE3C}.Release|iPhone.Deploy.0 = Release|Any CPU
		{C5C4A1C6-D581-4284-89CE-0D4D5B32FE3C}.Release|iPhoneSimulator.ActiveCfg = Release|Any CPU
		{C5C4A1C6-D581-4284-89CE-0D4D5B32FE3C}.Release|iPhoneSimulator.Build.0 = Release|Any CPU
		{C5C4A1C6-D581-4284-89CE-0D4D5B32FE3C}.Release|iPhoneSimulator.Deploy.0 = Release|Any CPU
		{C5C4A1C6-D581-4284-89CE-0D4D5B32FE3C}.Release|x64.ActiveCfg = Release|Any CPU
		{C5C4A1C6-D581-4284-89CE-0D4D5B32FE3C}.Release|x64.Build.0 = Release|Any CPU
		{C5C4A1C6-D581-4284-89CE-0D4D5B32FE3C}.Release|x64.Deploy.0 = Release|Any CPU
		{C5C4A1C6-D581-4284-89CE-0D4D5B32FE3C}.Release|x86.ActiveCfg = Release|Any CPU
		{C5C4A1C6-D581-4284-89CE-0D4D5B32FE3C}.Release|x86.Build.0 = Release|Any CPU
		{C5C4A1C6-D581-4284-89CE-0D4D5B32FE3C}.Release|x86.Deploy.0 = Release|Any CPU
		{4331CA85-E8FE-4E02-B80A-9DAACFD09132}.Debug|Any CPU.ActiveCfg = Debug|iPhoneSimulator
		{4331CA85-E8FE-4E02-B80A-9DAACFD09132}.Debug|Any CPU.Build.0 = Debug|iPhoneSimulator
		{4331CA85-E8FE-4E02-B80A-9DAACFD09132}.Debug|Any CPU.Deploy.0 = Debug|iPhoneSimulator
		{4331CA85-E8FE-4E02-B80A-9DAACFD09132}.Debug|ARM.ActiveCfg = Debug|iPhone
		{4331CA85-E8FE-4E02-B80A-9DAACFD09132}.Debug|ARM.Build.0 = Debug|iPhone
		{4331CA85-E8FE-4E02-B80A-9DAACFD09132}.Debug|ARM.Deploy.0 = Debug|iPhone
		{4331CA85-E8FE-4E02-B80A-9DAACFD09132}.Debug|iPhone.ActiveCfg = Debug|iPhone
		{4331CA85-E8FE-4E02-B80A-9DAACFD09132}.Debug|iPhone.Build.0 = Debug|iPhone
		{4331CA85-E8FE-4E02-B80A-9DAACFD09132}.Debug|iPhone.Deploy.0 = Debug|iPhone
		{4331CA85-E8FE-4E02-B80A-9DAACFD09132}.Debug|iPhoneSimulator.ActiveCfg = Debug|iPhoneSimulator
		{4331CA85-E8FE-4E02-B80A-9DAACFD09132}.Debug|iPhoneSimulator.Build.0 = Debug|iPhoneSimulator
		{4331CA85-E8FE-4E02-B80A-9DAACFD09132}.Debug|iPhoneSimulator.Deploy.0 = Debug|iPhoneSimulator
		{4331CA85-E8FE-4E02-B80A-9DAACFD09132}.Debug|x64.ActiveCfg = Debug|iPhoneSimulator
		{4331CA85-E8FE-4E02-B80A-9DAACFD09132}.Debug|x64.Build.0 = Debug|iPhoneSimulator
		{4331CA85-E8FE-4E02-B80A-9DAACFD09132}.Debug|x64.Deploy.0 = Debug|iPhoneSimulator
		{4331CA85-E8FE-4E02-B80A-9DAACFD09132}.Debug|x86.ActiveCfg = Debug|iPhoneSimulator
		{4331CA85-E8FE-4E02-B80A-9DAACFD09132}.Debug|x86.Build.0 = Debug|iPhoneSimulator
		{4331CA85-E8FE-4E02-B80A-9DAACFD09132}.Debug|x86.Deploy.0 = Debug|iPhoneSimulator
		{4331CA85-E8FE-4E02-B80A-9DAACFD09132}.Release|Any CPU.ActiveCfg = Release|iPhoneSimulator
		{4331CA85-E8FE-4E02-B80A-9DAACFD09132}.Release|Any CPU.Build.0 = Release|iPhoneSimulator
		{4331CA85-E8FE-4E02-B80A-9DAACFD09132}.Release|Any CPU.Deploy.0 = Release|iPhoneSimulator
		{4331CA85-E8FE-4E02-B80A-9DAACFD09132}.Release|ARM.ActiveCfg = Release|iPhoneSimulator
		{4331CA85-E8FE-4E02-B80A-9DAACFD09132}.Release|ARM.Build.0 = Release|iPhoneSimulator
		{4331CA85-E8FE-4E02-B80A-9DAACFD09132}.Release|ARM.Deploy.0 = Release|iPhoneSimulator
		{4331CA85-E8FE-4E02-B80A-9DAACFD09132}.Release|iPhone.ActiveCfg = Release|iPhone
		{4331CA85-E8FE-4E02-B80A-9DAACFD09132}.Release|iPhone.Build.0 = Release|iPhone
		{4331CA85-E8FE-4E02-B80A-9DAACFD09132}.Release|iPhone.Deploy.0 = Release|iPhone
		{4331CA85-E8FE-4E02-B80A-9DAACFD09132}.Release|iPhoneSimulator.ActiveCfg = Release|iPhoneSimulator
		{4331CA85-E8FE-4E02-B80A-9DAACFD09132}.Release|iPhoneSimulator.Build.0 = Release|iPhoneSimulator
		{4331CA85-E8FE-4E02-B80A-9DAACFD09132}.Release|iPhoneSimulator.Deploy.0 = Release|iPhoneSimulator
		{4331CA85-E8FE-4E02-B80A-9DAACFD09132}.Release|x64.ActiveCfg = Release|iPhoneSimulator
		{4331CA85-E8FE-4E02-B80A-9DAACFD09132}.Release|x64.Build.0 = Release|iPhoneSimulator
		{4331CA85-E8FE-4E02-B80A-9DAACFD09132}.Release|x64.Deploy.0 = Release|iPhoneSimulator
		{4331CA85-E8FE-4E02-B80A-9DAACFD09132}.Release|x86.ActiveCfg = Release|iPhoneSimulator
		{4331CA85-E8FE-4E02-B80A-9DAACFD09132}.Release|x86.Build.0 = Release|iPhoneSimulator
		{4331CA85-E8FE-4E02-B80A-9DAACFD09132}.Release|x86.Deploy.0 = Release|iPhoneSimulator
		{05A0A7EA-F79F-45DB-A6AE-46A68D5C7220}.Debug|Any CPU.ActiveCfg = Debug|Any CPU
		{05A0A7EA-F79F-45DB-A6AE-46A68D5C7220}.Debug|Any CPU.Build.0 = Debug|Any CPU
		{05A0A7EA-F79F-45DB-A6AE-46A68D5C7220}.Debug|Any CPU.Deploy.0 = Debug|Any CPU
		{05A0A7EA-F79F-45DB-A6AE-46A68D5C7220}.Debug|ARM.ActiveCfg = Debug|Any CPU
		{05A0A7EA-F79F-45DB-A6AE-46A68D5C7220}.Debug|ARM.Build.0 = Debug|Any CPU
		{05A0A7EA-F79F-45DB-A6AE-46A68D5C7220}.Debug|ARM.Deploy.0 = Debug|Any CPU
		{05A0A7EA-F79F-45DB-A6AE-46A68D5C7220}.Debug|iPhone.ActiveCfg = Debug|Any CPU
		{05A0A7EA-F79F-45DB-A6AE-46A68D5C7220}.Debug|iPhone.Build.0 = Debug|Any CPU
		{05A0A7EA-F79F-45DB-A6AE-46A68D5C7220}.Debug|iPhone.Deploy.0 = Debug|Any CPU
		{05A0A7EA-F79F-45DB-A6AE-46A68D5C7220}.Debug|iPhoneSimulator.ActiveCfg = Debug|Any CPU
		{05A0A7EA-F79F-45DB-A6AE-46A68D5C7220}.Debug|iPhoneSimulator.Build.0 = Debug|Any CPU
		{05A0A7EA-F79F-45DB-A6AE-46A68D5C7220}.Debug|iPhoneSimulator.Deploy.0 = Debug|Any CPU
		{05A0A7EA-F79F-45DB-A6AE-46A68D5C7220}.Debug|x64.ActiveCfg = Debug|Any CPU
		{05A0A7EA-F79F-45DB-A6AE-46A68D5C7220}.Debug|x64.Build.0 = Debug|Any CPU
		{05A0A7EA-F79F-45DB-A6AE-46A68D5C7220}.Debug|x64.Deploy.0 = Debug|Any CPU
		{05A0A7EA-F79F-45DB-A6AE-46A68D5C7220}.Debug|x86.ActiveCfg = Debug|Any CPU
		{05A0A7EA-F79F-45DB-A6AE-46A68D5C7220}.Debug|x86.Build.0 = Debug|Any CPU
		{05A0A7EA-F79F-45DB-A6AE-46A68D5C7220}.Debug|x86.Deploy.0 = Debug|Any CPU
		{05A0A7EA-F79F-45DB-A6AE-46A68D5C7220}.Release|Any CPU.ActiveCfg = Release|Any CPU
		{05A0A7EA-F79F-45DB-A6AE-46A68D5C7220}.Release|Any CPU.Build.0 = Release|Any CPU
		{05A0A7EA-F79F-45DB-A6AE-46A68D5C7220}.Release|Any CPU.Deploy.0 = Release|Any CPU
		{05A0A7EA-F79F-45DB-A6AE-46A68D5C7220}.Release|ARM.ActiveCfg = Release|Any CPU
		{05A0A7EA-F79F-45DB-A6AE-46A68D5C7220}.Release|ARM.Build.0 = Release|Any CPU
		{05A0A7EA-F79F-45DB-A6AE-46A68D5C7220}.Release|ARM.Deploy.0 = Release|Any CPU
		{05A0A7EA-F79F-45DB-A6AE-46A68D5C7220}.Release|iPhone.ActiveCfg = Release|Any CPU
		{05A0A7EA-F79F-45DB-A6AE-46A68D5C7220}.Release|iPhone.Build.0 = Release|Any CPU
		{05A0A7EA-F79F-45DB-A6AE-46A68D5C7220}.Release|iPhone.Deploy.0 = Release|Any CPU
		{05A0A7EA-F79F-45DB-A6AE-46A68D5C7220}.Release|iPhoneSimulator.ActiveCfg = Release|Any CPU
		{05A0A7EA-F79F-45DB-A6AE-46A68D5C7220}.Release|iPhoneSimulator.Build.0 = Release|Any CPU
		{05A0A7EA-F79F-45DB-A6AE-46A68D5C7220}.Release|iPhoneSimulator.Deploy.0 = Release|Any CPU
		{05A0A7EA-F79F-45DB-A6AE-46A68D5C7220}.Release|x64.ActiveCfg = Release|Any CPU
		{05A0A7EA-F79F-45DB-A6AE-46A68D5C7220}.Release|x64.Build.0 = Release|Any CPU
		{05A0A7EA-F79F-45DB-A6AE-46A68D5C7220}.Release|x64.Deploy.0 = Release|Any CPU
		{05A0A7EA-F79F-45DB-A6AE-46A68D5C7220}.Release|x86.ActiveCfg = Release|Any CPU
		{05A0A7EA-F79F-45DB-A6AE-46A68D5C7220}.Release|x86.Build.0 = Release|Any CPU
		{05A0A7EA-F79F-45DB-A6AE-46A68D5C7220}.Release|x86.Deploy.0 = Release|Any CPU
	EndGlobalSection
	GlobalSection(SolutionProperties) = preSolution
		HideSolutionNode = FALSE
	EndGlobalSection
	GlobalSection(ExtensibilityGlobals) = postSolution
		SolutionGuid = {382788DB-3A5B-48B0-A379-5C4C158BCCCE}
	EndGlobalSection
EndGlobal
