
Microsoft Visual Studio Solution File, Format Version 12.00
# Visual Studio Version 16
VisualStudioVersion = 16.0.31019.35
MinimumVisualStudioVersion = 10.0.40219.1
Project("{FAE04EC0-301F-11D3-BF4B-00C04F79EFBC}") = "App6_Tarefa.UWP", "App6_Tarefa\App6_Tarefa.UWP\App6_Tarefa.UWP.csproj", "{3089A9E5-E867-4F92-B522-9A12553BD9B1}"
EndProject
Project("{FAE04EC0-301F-11D3-BF4B-00C04F79EFBC}") = "App6_Tarefa.Android", "App6_Tarefa\App6_Tarefa.Android\App6_Tarefa.Android.csproj", "{E12C2D19-60F2-44FD-893E-282BB353FA2A}"
EndProject
Project("{FAE04EC0-301F-11D3-BF4B-00C04F79EFBC}") = "App6_Tarefa", "App6_Tarefa\App6_Tarefa\App6_Tarefa.csproj", "{470B5C62-65A5-4F7C-AE27-29395932ECA0}"
EndProject
Global
	GlobalSection(SolutionConfigurationPlatforms) = preSolution
		Debug|Any CPU = Debug|Any CPU
		Debug|ARM = Debug|ARM
		Debug|x64 = Debug|x64
		Debug|x86 = Debug|x86
		Release|Any CPU = Release|Any CPU
		Release|ARM = Release|ARM
		Release|x64 = Release|x64
		Release|x86 = Release|x86
	EndGlobalSection
	GlobalSection(ProjectConfigurationPlatforms) = postSolution
		{3089A9E5-E867-4F92-B522-9A12553BD9B1}.Debug|Any CPU.ActiveCfg = Debug|x86
		{3089A9E5-E867-4F92-B522-9A12553BD9B1}.Debug|Any CPU.Build.0 = Debug|x86
		{3089A9E5-E867-4F92-B522-9A12553BD9B1}.Debug|Any CPU.Deploy.0 = Debug|x86
		{3089A9E5-E867-4F92-B522-9A12553BD9B1}.Debug|ARM.ActiveCfg = Debug|ARM
		{3089A9E5-E867-4F92-B522-9A12553BD9B1}.Debug|ARM.Build.0 = Debug|ARM
		{3089A9E5-E867-4F92-B522-9A12553BD9B1}.Debug|ARM.Deploy.0 = Debug|ARM
		{3089A9E5-E867-4F92-B522-9A12553BD9B1}.Debug|x64.ActiveCfg = Debug|x64
		{3089A9E5-E867-4F92-B522-9A12553BD9B1}.Debug|x64.Build.0 = Debug|x64
		{3089A9E5-E867-4F92-B522-9A12553BD9B1}.Debug|x64.Deploy.0 = Debug|x64
		{3089A9E5-E867-4F92-B522-9A12553BD9B1}.Debug|x86.ActiveCfg = Debug|x86
		{3089A9E5-E867-4F92-B522-9A12553BD9B1}.Debug|x86.Build.0 = Debug|x86
		{3089A9E5-E867-4F92-B522-9A12553BD9B1}.Debug|x86.Deploy.0 = Debug|x86
		{3089A9E5-E867-4F92-B522-9A12553BD9B1}.Release|Any CPU.ActiveCfg = Release|x86
		{3089A9E5-E867-4F92-B522-9A12553BD9B1}.Release|Any CPU.Build.0 = Release|x86
		{3089A9E5-E867-4F92-B522-9A12553BD9B1}.Release|Any CPU.Deploy.0 = Release|x86
		{3089A9E5-E867-4F92-B522-9A12553BD9B1}.Release|ARM.ActiveCfg = Release|ARM
		{3089A9E5-E867-4F92-B522-9A12553BD9B1}.Release|ARM.Build.0 = Release|ARM
		{3089A9E5-E867-4F92-B522-9A12553BD9B1}.Release|ARM.Deploy.0 = Release|ARM
		{3089A9E5-E867-4F92-B522-9A12553BD9B1}.Release|x64.ActiveCfg = Release|x64
		{3089A9E5-E867-4F92-B522-9A12553BD9B1}.Release|x64.Build.0 = Release|x64
		{3089A9E5-E867-4F92-B522-9A12553BD9B1}.Release|x64.Deploy.0 = Release|x64
		{3089A9E5-E867-4F92-B522-9A12553BD9B1}.Release|x86.ActiveCfg = Release|x86
		{3089A9E5-E867-4F92-B522-9A12553BD9B1}.Release|x86.Build.0 = Release|x86
		{3089A9E5-E867-4F92-B522-9A12553BD9B1}.Release|x86.Deploy.0 = Release|x86
		{E12C2D19-60F2-44FD-893E-282BB353FA2A}.Debug|Any CPU.ActiveCfg = Debug|Any CPU
		{E12C2D19-60F2-44FD-893E-282BB353FA2A}.Debug|Any CPU.Build.0 = Debug|Any CPU
		{E12C2D19-60F2-44FD-893E-282BB353FA2A}.Debug|Any CPU.Deploy.0 = Debug|Any CPU
		{E12C2D19-60F2-44FD-893E-282BB353FA2A}.Debug|ARM.ActiveCfg = Debug|Any CPU
		{E12C2D19-60F2-44FD-893E-282BB353FA2A}.Debug|ARM.Build.0 = Debug|Any CPU
		{E12C2D19-60F2-44FD-893E-282BB353FA2A}.Debug|ARM.Deploy.0 = Debug|Any CPU
		{E12C2D19-60F2-44FD-893E-282BB353FA2A}.Debug|x64.ActiveCfg = Debug|Any CPU
		{E12C2D19-60F2-44FD-893E-282BB353FA2A}.Debug|x64.Build.0 = Debug|Any CPU
		{E12C2D19-60F2-44FD-893E-282BB353FA2A}.Debug|x64.Deploy.0 = Debug|Any CPU
		{E12C2D19-60F2-44FD-893E-282BB353FA2A}.Debug|x86.ActiveCfg = Debug|Any CPU
		{E12C2D19-60F2-44FD-893E-282BB353FA2A}.Debug|x86.Build.0 = Debug|Any CPU
		{E12C2D19-60F2-44FD-893E-282BB353FA2A}.Debug|x86.Deploy.0 = Debug|Any CPU
		{E12C2D19-60F2-44FD-893E-282BB353FA2A}.Release|Any CPU.ActiveCfg = Release|Any CPU
		{E12C2D19-60F2-44FD-893E-282BB353FA2A}.Release|Any CPU.Build.0 = Release|Any CPU
		{E12C2D19-60F2-44FD-893E-282BB353FA2A}.Release|Any CPU.Deploy.0 = Release|Any CPU
		{E12C2D19-60F2-44FD-893E-282BB353FA2A}.Release|ARM.ActiveCfg = Release|Any CPU
		{E12C2D19-60F2-44FD-893E-282BB353FA2A}.Release|ARM.Build.0 = Release|Any CPU
		{E12C2D19-60F2-44FD-893E-282BB353FA2A}.Release|ARM.Deploy.0 = Release|Any CPU
		{E12C2D19-60F2-44FD-893E-282BB353FA2A}.Release|x64.ActiveCfg = Release|Any CPU
		{E12C2D19-60F2-44FD-893E-282BB353FA2A}.Release|x64.Build.0 = Release|Any CPU
		{E12C2D19-60F2-44FD-893E-282BB353FA2A}.Release|x64.Deploy.0 = Release|Any CPU
		{E12C2D19-60F2-44FD-893E-282BB353FA2A}.Release|x86.ActiveCfg = Release|Any CPU
		{E12C2D19-60F2-44FD-893E-282BB353FA2A}.Release|x86.Build.0 = Release|Any CPU
		{E12C2D19-60F2-44FD-893E-282BB353FA2A}.Release|x86.Deploy.0 = Release|Any CPU
		{470B5C62-65A5-4F7C-AE27-29395932ECA0}.Debug|Any CPU.ActiveCfg = Debug|Any CPU
		{470B5C62-65A5-4F7C-AE27-29395932ECA0}.Debug|Any CPU.Build.0 = Debug|Any CPU
		{470B5C62-65A5-4F7C-AE27-29395932ECA0}.Debug|Any CPU.Deploy.0 = Debug|Any CPU
		{470B5C62-65A5-4F7C-AE27-29395932ECA0}.Debug|ARM.ActiveCfg = Debug|Any CPU
		{470B5C62-65A5-4F7C-AE27-29395932ECA0}.Debug|ARM.Build.0 = Debug|Any CPU
		{470B5C62-65A5-4F7C-AE27-29395932ECA0}.Debug|ARM.Deploy.0 = Debug|Any CPU
		{470B5C62-65A5-4F7C-AE27-29395932ECA0}.Debug|x64.ActiveCfg = Debug|Any CPU
		{470B5C62-65A5-4F7C-AE27-29395932ECA0}.Debug|x64.Build.0 = Debug|Any CPU
		{470B5C62-65A5-4F7C-AE27-29395932ECA0}.Debug|x64.Deploy.0 = Debug|Any CPU
		{470B5C62-65A5-4F7C-AE27-29395932ECA0}.Debug|x86.ActiveCfg = Debug|Any CPU
		{470B5C62-65A5-4F7C-AE27-29395932ECA0}.Debug|x86.Build.0 = Debug|Any CPU
		{470B5C62-65A5-4F7C-AE27-29395932ECA0}.Debug|x86.Deploy.0 = Debug|Any CPU
		{470B5C62-65A5-4F7C-AE27-29395932ECA0}.Release|Any CPU.ActiveCfg = Release|Any CPU
		{470B5C62-65A5-4F7C-AE27-29395932ECA0}.Release|Any CPU.Build.0 = Release|Any CPU
		{470B5C62-65A5-4F7C-AE27-29395932ECA0}.Release|Any CPU.Deploy.0 = Release|Any CPU
		{470B5C62-65A5-4F7C-AE27-29395932ECA0}.Release|ARM.ActiveCfg = Release|Any CPU
		{470B5C62-65A5-4F7C-AE27-29395932ECA0}.Release|ARM.Build.0 = Release|Any CPU
		{470B5C62-65A5-4F7C-AE27-29395932ECA0}.Release|ARM.Deploy.0 = Release|Any CPU
		{470B5C62-65A5-4F7C-AE27-29395932ECA0}.Release|x64.ActiveCfg = Release|Any CPU
		{470B5C62-65A5-4F7C-AE27-29395932ECA0}.Release|x64.Build.0 = Release|Any CPU
		{470B5C62-65A5-4F7C-AE27-29395932ECA0}.Release|x64.Deploy.0 = Release|Any CPU
		{470B5C62-65A5-4F7C-AE27-29395932ECA0}.Release|x86.ActiveCfg = Release|Any CPU
		{470B5C62-65A5-4F7C-AE27-29395932ECA0}.Release|x86.Build.0 = Release|Any CPU
		{470B5C62-65A5-4F7C-AE27-29395932ECA0}.Release|x86.Deploy.0 = Release|Any CPU
	EndGlobalSection
	GlobalSection(SolutionProperties) = preSolution
		HideSolutionNode = FALSE
	EndGlobalSection
	GlobalSection(ExtensibilityGlobals) = postSolution
		SolutionGuid = {84AE7F90-F01A-46E3-9A48-EF23753CC6A6}
	EndGlobalSection
EndGlobal
