
Microsoft Visual Studio Solution File, Format Version 12.00
# Visual Studio Version 16
VisualStudioVersion = 16.0.30907.101
MinimumVisualStudioVersion = 10.0.40219.1
Project("{FAE04EC0-301F-11D3-BF4B-00C04F79EFBC}") = "App03_LayoutXF.UWP", "App03_LayoutXF\App03_LayoutXF.UWP\App03_LayoutXF.UWP.csproj", "{ABF61BD5-F983-4EB7-830C-16A7E5E80CD7}"
EndProject
Project("{FAE04EC0-301F-11D3-BF4B-00C04F79EFBC}") = "App03_LayoutXF.Android", "App03_LayoutXF\App03_LayoutXF.Android\App03_LayoutXF.Android.csproj", "{6227AE7D-86F8-4191-A436-E9A428E7CB16}"
EndProject
Project("{FAE04EC0-301F-11D3-BF4B-00C04F79EFBC}") = "App03_LayoutXF.iOS", "App03_LayoutXF\App03_LayoutXF.iOS\App03_LayoutXF.iOS.csproj", "{81450D82-3C65-405B-A312-E00CCB0BFE9F}"
EndProject
Project("{FAE04EC0-301F-11D3-BF4B-00C04F79EFBC}") = "App03_LayoutXF", "App03_LayoutXF\App03_LayoutXF\App03_LayoutXF.csproj", "{451D9137-0030-4418-AA3A-70AD6E390B78}"
EndProject
Global
	GlobalSection(SolutionConfigurationPlatforms) = preSolution
		Debug|Any CPU = Debug|Any CPU
		Debug|ARM = Debug|ARM
		Debug|iPhone = Debug|iPhone
		Debug|iPhoneSimulator = Debug|iPhoneSimulator
		Debug|x64 = Debug|x64
		Debug|x86 = Debug|x86
		Release|Any CPU = Release|Any CPU
		Release|ARM = Release|ARM
		Release|iPhone = Release|iPhone
		Release|iPhoneSimulator = Release|iPhoneSimulator
		Release|x64 = Release|x64
		Release|x86 = Release|x86
	EndGlobalSection
	GlobalSection(ProjectConfigurationPlatforms) = postSolution
		{ABF61BD5-F983-4EB7-830C-16A7E5E80CD7}.Debug|Any CPU.ActiveCfg = Debug|x86
		{ABF61BD5-F983-4EB7-830C-16A7E5E80CD7}.Debug|Any CPU.Build.0 = Debug|x86
		{ABF61BD5-F983-4EB7-830C-16A7E5E80CD7}.Debug|Any CPU.Deploy.0 = Debug|x86
		{ABF61BD5-F983-4EB7-830C-16A7E5E80CD7}.Debug|ARM.ActiveCfg = Debug|ARM
		{ABF61BD5-F983-4EB7-830C-16A7E5E80CD7}.Debug|ARM.Build.0 = Debug|ARM
		{ABF61BD5-F983-4EB7-830C-16A7E5E80CD7}.Debug|ARM.Deploy.0 = Debug|ARM
		{ABF61BD5-F983-4EB7-830C-16A7E5E80CD7}.Debug|iPhone.ActiveCfg = Debug|x86
		{ABF61BD5-F983-4EB7-830C-16A7E5E80CD7}.Debug|iPhone.Build.0 = Debug|x86
		{ABF61BD5-F983-4EB7-830C-16A7E5E80CD7}.Debug|iPhone.Deploy.0 = Debug|x86
		{ABF61BD5-F983-4EB7-830C-16A7E5E80CD7}.Debug|iPhoneSimulator.ActiveCfg = Debug|x86
		{ABF61BD5-F983-4EB7-830C-16A7E5E80CD7}.Debug|iPhoneSimulator.Build.0 = Debug|x86
		{ABF61BD5-F983-4EB7-830C-16A7E5E80CD7}.Debug|iPhoneSimulator.Deploy.0 = Debug|x86
		{ABF61BD5-F983-4EB7-830C-16A7E5E80CD7}.Debug|x64.ActiveCfg = Debug|x64
		{ABF61BD5-F983-4EB7-830C-16A7E5E80CD7}.Debug|x64.Build.0 = Debug|x64
		{ABF61BD5-F983-4EB7-830C-16A7E5E80CD7}.Debug|x64.Deploy.0 = Debug|x64
		{ABF61BD5-F983-4EB7-830C-16A7E5E80CD7}.Debug|x86.ActiveCfg = Debug|x86
		{ABF61BD5-F983-4EB7-830C-16A7E5E80CD7}.Debug|x86.Build.0 = Debug|x86
		{ABF61BD5-F983-4EB7-830C-16A7E5E80CD7}.Debug|x86.Deploy.0 = Debug|x86
		{ABF61BD5-F983-4EB7-830C-16A7E5E80CD7}.Release|Any CPU.ActiveCfg = Release|x86
		{ABF61BD5-F983-4EB7-830C-16A7E5E80CD7}.Release|Any CPU.Build.0 = Release|x86
		{ABF61BD5-F983-4EB7-830C-16A7E5E80CD7}.Release|Any CPU.Deploy.0 = Release|x86
		{ABF61BD5-F983-4EB7-830C-16A7E5E80CD7}.Release|ARM.ActiveCfg = Release|ARM
		{ABF61BD5-F983-4EB7-830C-16A7E5E80CD7}.Release|ARM.Build.0 = Release|ARM
		{ABF61BD5-F983-4EB7-830C-16A7E5E80CD7}.Release|ARM.Deploy.0 = Release|ARM
		{ABF61BD5-F983-4EB7-830C-16A7E5E80CD7}.Release|iPhone.ActiveCfg = Release|x86
		{ABF61BD5-F983-4EB7-830C-16A7E5E80CD7}.Release|iPhone.Build.0 = Release|x86
		{ABF61BD5-F983-4EB7-830C-16A7E5E80CD7}.Release|iPhone.Deploy.0 = Release|x86
		{ABF61BD5-F983-4EB7-830C-16A7E5E80CD7}.Release|iPhoneSimulator.ActiveCfg = Release|x86
		{ABF61BD5-F983-4EB7-830C-16A7E5E80CD7}.Release|iPhoneSimulator.Build.0 = Release|x86
		{ABF61BD5-F983-4EB7-830C-16A7E5E80CD7}.Release|iPhoneSimulator.Deploy.0 = Release|x86
		{ABF61BD5-F983-4EB7-830C-16A7E5E80CD7}.Release|x64.ActiveCfg = Release|x64
		{ABF61BD5-F983-4EB7-830C-16A7E5E80CD7}.Release|x64.Build.0 = Release|x64
		{ABF61BD5-F983-4EB7-830C-16A7E5E80CD7}.Release|x64.Deploy.0 = Release|x64
		{ABF61BD5-F983-4EB7-830C-16A7E5E80CD7}.Release|x86.ActiveCfg = Release|x86
		{ABF61BD5-F983-4EB7-830C-16A7E5E80CD7}.Release|x86.Build.0 = Release|x86
		{ABF61BD5-F983-4EB7-830C-16A7E5E80CD7}.Release|x86.Deploy.0 = Release|x86
		{6227AE7D-86F8-4191-A436-E9A428E7CB16}.Debug|Any CPU.ActiveCfg = Debug|Any CPU
		{6227AE7D-86F8-4191-A436-E9A428E7CB16}.Debug|Any CPU.Build.0 = Debug|Any CPU
		{6227AE7D-86F8-4191-A436-E9A428E7CB16}.Debug|Any CPU.Deploy.0 = Debug|Any CPU
		{6227AE7D-86F8-4191-A436-E9A428E7CB16}.Debug|ARM.ActiveCfg = Debug|Any CPU
		{6227AE7D-86F8-4191-A436-E9A428E7CB16}.Debug|ARM.Build.0 = Debug|Any CPU
		{6227AE7D-86F8-4191-A436-E9A428E7CB16}.Debug|ARM.Deploy.0 = Debug|Any CPU
		{6227AE7D-86F8-4191-A436-E9A428E7CB16}.Debug|iPhone.ActiveCfg = Debug|Any CPU
		{6227AE7D-86F8-4191-A436-E9A428E7CB16}.Debug|iPhone.Build.0 = Debug|Any CPU
		{6227AE7D-86F8-4191-A436-E9A428E7CB16}.Debug|iPhone.Deploy.0 = Debug|Any CPU
		{6227AE7D-86F8-4191-A436-E9A428E7CB16}.Debug|iPhoneSimulator.ActiveCfg = Debug|Any CPU
		{6227AE7D-86F8-4191-A436-E9A428E7CB16}.Debug|iPhoneSimulator.Build.0 = Debug|Any CPU
		{6227AE7D-86F8-4191-A436-E9A428E7CB16}.Debug|iPhoneSimulator.Deploy.0 = Debug|Any CPU
		{6227AE7D-86F8-4191-A436-E9A428E7CB16}.Debug|x64.ActiveCfg = Debug|Any CPU
		{6227AE7D-86F8-4191-A436-E9A428E7CB16}.Debug|x64.Build.0 = Debug|Any CPU
		{6227AE7D-86F8-4191-A436-E9A428E7CB16}.Debug|x64.Deploy.0 = Debug|Any CPU
		{6227AE7D-86F8-4191-A436-E9A428E7CB16}.Debug|x86.ActiveCfg = Debug|Any CPU
		{6227AE7D-86F8-4191-A436-E9A428E7CB16}.Debug|x86.Build.0 = Debug|Any CPU
		{6227AE7D-86F8-4191-A436-E9A428E7CB16}.Debug|x86.Deploy.0 = Debug|Any CPU
		{6227AE7D-86F8-4191-A436-E9A428E7CB16}.Release|Any CPU.ActiveCfg = Release|Any CPU
		{6227AE7D-86F8-4191-A436-E9A428E7CB16}.Release|Any CPU.Build.0 = Release|Any CPU
		{6227AE7D-86F8-4191-A436-E9A428E7CB16}.Release|Any CPU.Deploy.0 = Release|Any CPU
		{6227AE7D-86F8-4191-A436-E9A428E7CB16}.Release|ARM.ActiveCfg = Release|Any CPU
		{6227AE7D-86F8-4191-A436-E9A428E7CB16}.Release|ARM.Build.0 = Release|Any CPU
		{6227AE7D-86F8-4191-A436-E9A428E7CB16}.Release|ARM.Deploy.0 = Release|Any CPU
		{6227AE7D-86F8-4191-A436-E9A428E7CB16}.Release|iPhone.ActiveCfg = Release|Any CPU
		{6227AE7D-86F8-4191-A436-E9A428E7CB16}.Release|iPhone.Build.0 = Release|Any CPU
		{6227AE7D-86F8-4191-A436-E9A428E7CB16}.Release|iPhone.Deploy.0 = Release|Any CPU
		{6227AE7D-86F8-4191-A436-E9A428E7CB16}.Release|iPhoneSimulator.ActiveCfg = Release|Any CPU
		{6227AE7D-86F8-4191-A436-E9A428E7CB16}.Release|iPhoneSimulator.Build.0 = Release|Any CPU
		{6227AE7D-86F8-4191-A436-E9A428E7CB16}.Release|iPhoneSimulator.Deploy.0 = Release|Any CPU
		{6227AE7D-86F8-4191-A436-E9A428E7CB16}.Release|x64.ActiveCfg = Release|Any CPU
		{6227AE7D-86F8-4191-A436-E9A428E7CB16}.Release|x64.Build.0 = Release|Any CPU
		{6227AE7D-86F8-4191-A436-E9A428E7CB16}.Release|x64.Deploy.0 = Release|Any CPU
		{6227AE7D-86F8-4191-A436-E9A428E7CB16}.Release|x86.ActiveCfg = Release|Any CPU
		{6227AE7D-86F8-4191-A436-E9A428E7CB16}.Release|x86.Build.0 = Release|Any CPU
		{6227AE7D-86F8-4191-A436-E9A428E7CB16}.Release|x86.Deploy.0 = Release|Any CPU
		{81450D82-3C65-405B-A312-E00CCB0BFE9F}.Debug|Any CPU.ActiveCfg = Debug|iPhoneSimulator
		{81450D82-3C65-405B-A312-E00CCB0BFE9F}.Debug|Any CPU.Build.0 = Debug|iPhoneSimulator
		{81450D82-3C65-405B-A312-E00CCB0BFE9F}.Debug|Any CPU.Deploy.0 = Debug|iPhoneSimulator
		{81450D82-3C65-405B-A312-E00CCB0BFE9F}.Debug|ARM.ActiveCfg = Debug|iPhone
		{81450D82-3C65-405B-A312-E00CCB0BFE9F}.Debug|ARM.Build.0 = Debug|iPhone
		{81450D82-3C65-405B-A312-E00CCB0BFE9F}.Debug|ARM.Deploy.0 = Debug|iPhone
		{81450D82-3C65-405B-A312-E00CCB0BFE9F}.Debug|iPhone.ActiveCfg = Debug|iPhone
		{81450D82-3C65-405B-A312-E00CCB0BFE9F}.Debug|iPhone.Build.0 = Debug|iPhone
		{81450D82-3C65-405B-A312-E00CCB0BFE9F}.Debug|iPhone.Deploy.0 = Debug|iPhone
		{81450D82-3C65-405B-A312-E00CCB0BFE9F}.Debug|iPhoneSimulator.ActiveCfg = Debug|iPhoneSimulator
		{81450D82-3C65-405B-A312-E00CCB0BFE9F}.Debug|iPhoneSimulator.Build.0 = Debug|iPhoneSimulator
		{81450D82-3C65-405B-A312-E00CCB0BFE9F}.Debug|iPhoneSimulator.Deploy.0 = Debug|iPhoneSimulator
		{81450D82-3C65-405B-A312-E00CCB0BFE9F}.Debug|x64.ActiveCfg = Debug|iPhoneSimulator
		{81450D82-3C65-405B-A312-E00CCB0BFE9F}.Debug|x64.Build.0 = Debug|iPhoneSimulator
		{81450D82-3C65-405B-A312-E00CCB0BFE9F}.Debug|x64.Deploy.0 = Debug|iPhoneSimulator
		{81450D82-3C65-405B-A312-E00CCB0BFE9F}.Debug|x86.ActiveCfg = Debug|iPhoneSimulator
		{81450D82-3C65-405B-A312-E00CCB0BFE9F}.Debug|x86.Build.0 = Debug|iPhoneSimulator
		{81450D82-3C65-405B-A312-E00CCB0BFE9F}.Debug|x86.Deploy.0 = Debug|iPhoneSimulator
		{81450D82-3C65-405B-A312-E00CCB0BFE9F}.Release|Any CPU.ActiveCfg = Release|iPhoneSimulator
		{81450D82-3C65-405B-A312-E00CCB0BFE9F}.Release|Any CPU.Build.0 = Release|iPhoneSimulator
		{81450D82-3C65-405B-A312-E00CCB0BFE9F}.Release|Any CPU.Deploy.0 = Release|iPhoneSimulator
		{81450D82-3C65-405B-A312-E00CCB0BFE9F}.Release|ARM.ActiveCfg = Release|iPhoneSimulator
		{81450D82-3C65-405B-A312-E00CCB0BFE9F}.Release|ARM.Build.0 = Release|iPhoneSimulator
		{81450D82-3C65-405B-A312-E00CCB0BFE9F}.Release|ARM.Deploy.0 = Release|iPhoneSimulator
		{81450D82-3C65-405B-A312-E00CCB0BFE9F}.Release|iPhone.ActiveCfg = Release|iPhone
		{81450D82-3C65-405B-A312-E00CCB0BFE9F}.Release|iPhone.Build.0 = Release|iPhone
		{81450D82-3C65-405B-A312-E00CCB0BFE9F}.Release|iPhone.Deploy.0 = Release|iPhone
		{81450D82-3C65-405B-A312-E00CCB0BFE9F}.Release|iPhoneSimulator.ActiveCfg = Release|iPhoneSimulator
		{81450D82-3C65-405B-A312-E00CCB0BFE9F}.Release|iPhoneSimulator.Build.0 = Release|iPhoneSimulator
		{81450D82-3C65-405B-A312-E00CCB0BFE9F}.Release|iPhoneSimulator.Deploy.0 = Release|iPhoneSimulator
		{81450D82-3C65-405B-A312-E00CCB0BFE9F}.Release|x64.ActiveCfg = Release|iPhoneSimulator
		{81450D82-3C65-405B-A312-E00CCB0BFE9F}.Release|x64.Build.0 = Release|iPhoneSimulator
		{81450D82-3C65-405B-A312-E00CCB0BFE9F}.Release|x64.Deploy.0 = Release|iPhoneSimulator
		{81450D82-3C65-405B-A312-E00CCB0BFE9F}.Release|x86.ActiveCfg = Release|iPhoneSimulator
		{81450D82-3C65-405B-A312-E00CCB0BFE9F}.Release|x86.Build.0 = Release|iPhoneSimulator
		{81450D82-3C65-405B-A312-E00CCB0BFE9F}.Release|x86.Deploy.0 = Release|iPhoneSimulator
		{451D9137-0030-4418-AA3A-70AD6E390B78}.Debug|Any CPU.ActiveCfg = Debug|Any CPU
		{451D9137-0030-4418-AA3A-70AD6E390B78}.Debug|Any CPU.Build.0 = Debug|Any CPU
		{451D9137-0030-4418-AA3A-70AD6E390B78}.Debug|Any CPU.Deploy.0 = Debug|Any CPU
		{451D9137-0030-4418-AA3A-70AD6E390B78}.Debug|ARM.ActiveCfg = Debug|Any CPU
		{451D9137-0030-4418-AA3A-70AD6E390B78}.Debug|ARM.Build.0 = Debug|Any CPU
		{451D9137-0030-4418-AA3A-70AD6E390B78}.Debug|ARM.Deploy.0 = Debug|Any CPU
		{451D9137-0030-4418-AA3A-70AD6E390B78}.Debug|iPhone.ActiveCfg = Debug|Any CPU
		{451D9137-0030-4418-AA3A-70AD6E390B78}.Debug|iPhone.Build.0 = Debug|Any CPU
		{451D9137-0030-4418-AA3A-70AD6E390B78}.Debug|iPhone.Deploy.0 = Debug|Any CPU
		{451D9137-0030-4418-AA3A-70AD6E390B78}.Debug|iPhoneSimulator.ActiveCfg = Debug|Any CPU
		{451D9137-0030-4418-AA3A-70AD6E390B78}.Debug|iPhoneSimulator.Build.0 = Debug|Any CPU
		{451D9137-0030-4418-AA3A-70AD6E390B78}.Debug|iPhoneSimulator.Deploy.0 = Debug|Any CPU
		{451D9137-0030-4418-AA3A-70AD6E390B78}.Debug|x64.ActiveCfg = Debug|Any CPU
		{451D9137-0030-4418-AA3A-70AD6E390B78}.Debug|x64.Build.0 = Debug|Any CPU
		{451D9137-0030-4418-AA3A-70AD6E390B78}.Debug|x64.Deploy.0 = Debug|Any CPU
		{451D9137-0030-4418-AA3A-70AD6E390B78}.Debug|x86.ActiveCfg = Debug|Any CPU
		{451D9137-0030-4418-AA3A-70AD6E390B78}.Debug|x86.Build.0 = Debug|Any CPU
		{451D9137-0030-4418-AA3A-70AD6E390B78}.Debug|x86.Deploy.0 = Debug|Any CPU
		{451D9137-0030-4418-AA3A-70AD6E390B78}.Release|Any CPU.ActiveCfg = Release|Any CPU
		{451D9137-0030-4418-AA3A-70AD6E390B78}.Release|Any CPU.Build.0 = Release|Any CPU
		{451D9137-0030-4418-AA3A-70AD6E390B78}.Release|Any CPU.Deploy.0 = Release|Any CPU
		{451D9137-0030-4418-AA3A-70AD6E390B78}.Release|ARM.ActiveCfg = Release|Any CPU
		{451D9137-0030-4418-AA3A-70AD6E390B78}.Release|ARM.Build.0 = Release|Any CPU
		{451D9137-0030-4418-AA3A-70AD6E390B78}.Release|ARM.Deploy.0 = Release|Any CPU
		{451D9137-0030-4418-AA3A-70AD6E390B78}.Release|iPhone.ActiveCfg = Release|Any CPU
		{451D9137-0030-4418-AA3A-70AD6E390B78}.Release|iPhone.Build.0 = Release|Any CPU
		{451D9137-0030-4418-AA3A-70AD6E390B78}.Release|iPhone.Deploy.0 = Release|Any CPU
		{451D9137-0030-4418-AA3A-70AD6E390B78}.Release|iPhoneSimulator.ActiveCfg = Release|Any CPU
		{451D9137-0030-4418-AA3A-70AD6E390B78}.Release|iPhoneSimulator.Build.0 = Release|Any CPU
		{451D9137-0030-4418-AA3A-70AD6E390B78}.Release|iPhoneSimulator.Deploy.0 = Release|Any CPU
		{451D9137-0030-4418-AA3A-70AD6E390B78}.Release|x64.ActiveCfg = Release|Any CPU
		{451D9137-0030-4418-AA3A-70AD6E390B78}.Release|x64.Build.0 = Release|Any CPU
		{451D9137-0030-4418-AA3A-70AD6E390B78}.Release|x64.Deploy.0 = Release|Any CPU
		{451D9137-0030-4418-AA3A-70AD6E390B78}.Release|x86.ActiveCfg = Release|Any CPU
		{451D9137-0030-4418-AA3A-70AD6E390B78}.Release|x86.Build.0 = Release|Any CPU
		{451D9137-0030-4418-AA3A-70AD6E390B78}.Release|x86.Deploy.0 = Release|Any CPU
	EndGlobalSection
	GlobalSection(SolutionProperties) = preSolution
		HideSolutionNode = FALSE
	EndGlobalSection
	GlobalSection(ExtensibilityGlobals) = postSolution
		SolutionGuid = {DAE85003-0E24-4E21-BD4A-C5F7AC7D9A9C}
	EndGlobalSection
EndGlobal
